
Microsoft Visual Studio Solution File, Format Version 12.00
# Visual Studio Version 17
VisualStudioVersion = 17.14.36414.22 d17.14
MinimumVisualStudioVersion = 10.0.40219.1
Project("{FAE04EC0-301F-11D3-BF4B-00C04F79EFBC}") = "LabRob1", "LabRob1\LabRob1.csproj", "{A7BEBC5F-E62A-4EE7-AA49-0A2F7F05D750}"
EndProject
Global
	GlobalSection(SolutionConfigurationPlatforms) = preSolution
		Debug|Any CPU = Debug|Any CPU
		Release|Any CPU = Release|Any CPU
	EndGlobalSection
	GlobalSection(ProjectConfigurationPlatforms) = postSolution
		{A7BEBC5F-E62A-4EE7-AA49-0A2F7F05D750}.Debug|Any CPU.ActiveCfg = Debug|Any CPU
		{A7BEBC5F-E62A-4EE7-AA49-0A2F7F05D750}.Debug|Any CPU.Build.0 = Debug|Any CPU
		{A7BEBC5F-E62A-4EE7-AA49-0A2F7F05D750}.Release|Any CPU.ActiveCfg = Release|Any CPU
		{A7BEBC5F-E62A-4EE7-AA49-0A2F7F05D750}.Release|Any CPU.Build.0 = Release|Any CPU
	EndGlobalSection
	GlobalSection(SolutionProperties) = preSolution
		HideSolutionNode = FALSE
	EndGlobalSection
	GlobalSection(ExtensibilityGlobals) = postSolution
		SolutionGuid = {CCFF2D84-535B-4430-A896-3CB033919677}
	EndGlobalSection
EndGlobal
