
Microsoft Visual Studio Solution File, Format Version 12.00
# Visual Studio Version 17
VisualStudioVersion = 17.14.36414.22 d17.14
MinimumVisualStudioVersion = 10.0.40219.1
Project("{FAE04EC0-301F-11D3-BF4B-00C04F79EFBC}") = "LR3", "LR3\LR3.csproj", "{896BDACA-C569-4E51-AE3A-C1C10C4B0474}"
EndProject
Global
	GlobalSection(SolutionConfigurationPlatforms) = preSolution
		Debug|Any CPU = Debug|Any CPU
		Release|Any CPU = Release|Any CPU
	EndGlobalSection
	GlobalSection(ProjectConfigurationPlatforms) = postSolution
		{896BDACA-C569-4E51-AE3A-C1C10C4B0474}.Debug|Any CPU.ActiveCfg = Debug|Any CPU
		{896BDACA-C569-4E51-AE3A-C1C10C4B0474}.Debug|Any CPU.Build.0 = Debug|Any CPU
		{896BDACA-C569-4E51-AE3A-C1C10C4B0474}.Release|Any CPU.ActiveCfg = Release|Any CPU
		{896BDACA-C569-4E51-AE3A-C1C10C4B0474}.Release|Any CPU.Build.0 = Release|Any CPU
	EndGlobalSection
	GlobalSection(SolutionProperties) = preSolution
		HideSolutionNode = FALSE
	EndGlobalSection
	GlobalSection(ExtensibilityGlobals) = postSolution
		SolutionGuid = {213EF365-7EA1-45F8-8936-CB35DB4C22AF}
	EndGlobalSection
EndGlobal
