
Microsoft Visual Studio Solution File, Format Version 12.00
# Visual Studio Version 17
VisualStudioVersion = 17.14.36414.22 d17.14
MinimumVisualStudioVersion = 10.0.40219.1
Project("{8BC9CEB8-8B4A-11D0-8D11-00A0C91BC942}") = "LR2", "LR2\LR2.vcxproj", "{687DFC6D-F7E5-4F1E-957D-520522EAD7B8}"
EndProject
Global
	GlobalSection(SolutionConfigurationPlatforms) = preSolution
		Debug|x64 = Debug|x64
		Debug|x86 = Debug|x86
		Release|x64 = Release|x64
		Release|x86 = Release|x86
	EndGlobalSection
	GlobalSection(ProjectConfigurationPlatforms) = postSolution
		{687DFC6D-F7E5-4F1E-957D-520522EAD7B8}.Debug|x64.ActiveCfg = Debug|x64
		{687DFC6D-F7E5-4F1E-957D-520522EAD7B8}.Debug|x64.Build.0 = Debug|x64
		{687DFC6D-F7E5-4F1E-957D-520522EAD7B8}.Debug|x86.ActiveCfg = Debug|Win32
		{687DFC6D-F7E5-4F1E-957D-520522EAD7B8}.Debug|x86.Build.0 = Debug|Win32
		{687DFC6D-F7E5-4F1E-957D-520522EAD7B8}.Release|x64.ActiveCfg = Release|x64
		{687DFC6D-F7E5-4F1E-957D-520522EAD7B8}.Release|x64.Build.0 = Release|x64
		{687DFC6D-F7E5-4F1E-957D-520522EAD7B8}.Release|x86.ActiveCfg = Release|Win32
		{687DFC6D-F7E5-4F1E-957D-520522EAD7B8}.Release|x86.Build.0 = Release|Win32
	EndGlobalSection
	GlobalSection(SolutionProperties) = preSolution
		HideSolutionNode = FALSE
	EndGlobalSection
	GlobalSection(ExtensibilityGlobals) = postSolution
		SolutionGuid = {E5C956E7-E286-4D3A-99E2-F0D5E8153198}
	EndGlobalSection
EndGlobal
